
Microsoft Visual Studio Solution File, Format Version 12.00
# Visual Studio Version 16
VisualStudioVersion = 16.0.29215.179
MinimumVisualStudioVersion = 10.0.40219.1
Project("{FAE04EC0-301F-11D3-BF4B-00C04F79EFBC}") = "ArrayListTeste", "ArrayListTeste\ArrayListTeste.csproj", "{DB8B6403-E086-4113-83FD-4FE6738FE11D}"
EndProject
Global
	GlobalSection(SolutionConfigurationPlatforms) = preSolution
		Debug|Any CPU = Debug|Any CPU
		Release|Any CPU = Release|Any CPU
	EndGlobalSection
	GlobalSection(ProjectConfigurationPlatforms) = postSolution
		{DB8B6403-E086-4113-83FD-4FE6738FE11D}.Debug|Any CPU.ActiveCfg = Debug|Any CPU
		{DB8B6403-E086-4113-83FD-4FE6738FE11D}.Debug|Any CPU.Build.0 = Debug|Any CPU
		{DB8B6403-E086-4113-83FD-4FE6738FE11D}.Release|Any CPU.ActiveCfg = Release|Any CPU
		{DB8B6403-E086-4113-83FD-4FE6738FE11D}.Release|Any CPU.Build.0 = Release|Any CPU
	EndGlobalSection
	GlobalSection(SolutionProperties) = preSolution
		HideSolutionNode = FALSE
	EndGlobalSection
	GlobalSection(ExtensibilityGlobals) = postSolution
		SolutionGuid = {7E82E0EA-67AB-40A4-A913-4FFE6F87F79B}
	EndGlobalSection
EndGlobal
